
Microsoft Visual Studio Solution File, Format Version 12.00
# Visual Studio Version 16
VisualStudioVersion = 16.0.28809.33
MinimumVisualStudioVersion = 10.0.40219.1
Project("{FAE04EC0-301F-11D3-BF4B-00C04F79EFBC}") = "UILayer", "UILayer\UILayer.csproj", "{E82A2885-B861-4595-9364-983BD24B3260}"
EndProject
Project("{FAE04EC0-301F-11D3-BF4B-00C04F79EFBC}") = "DomainEntitiesLayer", "DomainEntitiesLayer\DomainEntitiesLayer.csproj", "{4827E5B9-148B-474B-98F5-00AFB9232634}"
EndProject
Project("{FAE04EC0-301F-11D3-BF4B-00C04F79EFBC}") = "RepositoryLayer", "RepositoryLayer\RepositoryLayer.csproj", "{1050B9FC-2364-42DE-B875-EF83F602085F}"
EndProject
Project("{FAE04EC0-301F-11D3-BF4B-00C04F79EFBC}") = "ServiceLayer", "ServiceLayer\ServiceLayer.csproj", "{173CA81C-534A-42DD-BCD1-FFAE2AC62454}"
EndProject
Global
	GlobalSection(SolutionConfigurationPlatforms) = preSolution
		Debug|Any CPU = Debug|Any CPU
		Release|Any CPU = Release|Any CPU
	EndGlobalSection
	GlobalSection(ProjectConfigurationPlatforms) = postSolution
		{E82A2885-B861-4595-9364-983BD24B3260}.Debug|Any CPU.ActiveCfg = Debug|Any CPU
		{E82A2885-B861-4595-9364-983BD24B3260}.Debug|Any CPU.Build.0 = Debug|Any CPU
		{E82A2885-B861-4595-9364-983BD24B3260}.Release|Any CPU.ActiveCfg = Release|Any CPU
		{E82A2885-B861-4595-9364-983BD24B3260}.Release|Any CPU.Build.0 = Release|Any CPU
		{4827E5B9-148B-474B-98F5-00AFB9232634}.Debug|Any CPU.ActiveCfg = Debug|Any CPU
		{4827E5B9-148B-474B-98F5-00AFB9232634}.Debug|Any CPU.Build.0 = Debug|Any CPU
		{4827E5B9-148B-474B-98F5-00AFB9232634}.Release|Any CPU.ActiveCfg = Release|Any CPU
		{4827E5B9-148B-474B-98F5-00AFB9232634}.Release|Any CPU.Build.0 = Release|Any CPU
		{1050B9FC-2364-42DE-B875-EF83F602085F}.Debug|Any CPU.ActiveCfg = Debug|Any CPU
		{1050B9FC-2364-42DE-B875-EF83F602085F}.Debug|Any CPU.Build.0 = Debug|Any CPU
		{1050B9FC-2364-42DE-B875-EF83F602085F}.Release|Any CPU.ActiveCfg = Release|Any CPU
		{1050B9FC-2364-42DE-B875-EF83F602085F}.Release|Any CPU.Build.0 = Release|Any CPU
		{173CA81C-534A-42DD-BCD1-FFAE2AC62454}.Debug|Any CPU.ActiveCfg = Debug|Any CPU
		{173CA81C-534A-42DD-BCD1-FFAE2AC62454}.Debug|Any CPU.Build.0 = Debug|Any CPU
		{173CA81C-534A-42DD-BCD1-FFAE2AC62454}.Release|Any CPU.ActiveCfg = Release|Any CPU
		{173CA81C-534A-42DD-BCD1-FFAE2AC62454}.Release|Any CPU.Build.0 = Release|Any CPU
	EndGlobalSection
	GlobalSection(SolutionProperties) = preSolution
		HideSolutionNode = FALSE
	EndGlobalSection
	GlobalSection(ExtensibilityGlobals) = postSolution
		SolutionGuid = {3CC38122-D6A4-4D49-B5E3-44A274923E86}
	EndGlobalSection
EndGlobal
